{
    "name": "docs",
    "version": "1.0.0",
    "lockfileVersion": 3,
    "requires": true,
    "packages": {
        "": {
            "name": "docs",
            "version": "1.0.0",
            "license": "MIT",
            "dependencies": {
                "@types/reveal.js": "^5.0.4",
                "@viz-js/viz": "^3.11.0",
                "reveal.js": "^5.1.0"
            },
            "devDependencies": {
                "typescript": "^4.0.0"
            }
        },
        "node_modules/@types/reveal.js": {
            "version": "5.0.4",
            "resolved": "https://registry.npmjs.org/@types/reveal.js/-/reveal.js-5.0.4.tgz",
            "integrity": "sha512-70Qua903NRU736r8Z94okthf6hXKm+brta/KdHFrK6GD16eTmGhPrDYGCUP7eNifEA2mvJGlNq1IR41ycIX0Yw==",
            "license": "MIT"
        },
        "node_modules/@viz-js/viz": {
            "version": "3.11.0",
            "resolved": "https://registry.npmjs.org/@viz-js/viz/-/viz-3.11.0.tgz",
            "integrity": "sha512-3zoKLQUqShIhTPvBAIIgJUf5wO9aY0q+Ftzw1u26KkJX1OJjT7Z5VUqgML2GIzXJYFgjqS6a2VREMwrgChuubA==",
            "license": "MIT"
        },
        "node_modules/reveal.js": {
            "version": "5.1.0",
            "resolved": "https://registry.npmjs.org/reveal.js/-/reveal.js-5.1.0.tgz",
            "integrity": "sha512-KDt7m0+xwKV6nAZt4CNPVFBf42sTKRQapg0bGGKB5PKO5XvChnMfwlZkybydHiQJ7p5+6LbHKRGrhXODdoNIaA==",
            "license": "MIT",
            "engines": {
                "node": ">=18.0.0"
            }
        },
        "node_modules/typescript": {
            "version": "4.9.5",
            "resolved": "https://registry.npmjs.org/typescript/-/typescript-4.9.5.tgz",
            "integrity": "sha512-1FXk9E2Hm+QzZQ7z+McJiHL4NW1F2EzMu9Nq9i3zAaGqibafqYwCVU6WyWAuyQRRzOlxou8xZSyXLEN8oKj24g==",
            "dev": true,
            "license": "Apache-2.0",
            "bin": {
                "tsc": "bin/tsc",
                "tsserver": "bin/tsserver"
            },
            "engines": {
                "node": ">=4.2.0"
            }
        }
    }
}
